
Microsoft Visual Studio Solution File, Format Version 12.00
# Visual Studio Version 16
VisualStudioVersion = 16.0.29009.5
MinimumVisualStudioVersion = 10.0.40219.1
Project("{FAE04EC0-301F-11D3-BF4B-00C04F79EFBC}") = "OnIndustri", "OnIndustri\OnIndustri.csproj", "{B6702205-1A60-4281-A2A8-21F717CCEA2B}"
EndProject
Project("{FAE04EC0-301F-11D3-BF4B-00C04F79EFBC}") = "OnIndustri.Infrastructure", "OnIndustri.Infrastructure\OnIndustri.Infrastructure.csproj", "{9AED6E80-84C0-49CF-92AE-DE3947DBBF73}"
EndProject
Project("{FAE04EC0-301F-11D3-BF4B-00C04F79EFBC}") = "OnIndustri.Data", "OnIndustri.Data\OnIndustri.Data.csproj", "{67F3346F-DBD6-493A-8310-37B01938EC52}"
EndProject
Project("{FAE04EC0-301F-11D3-BF4B-00C04F79EFBC}") = "OnIndustri.MasterData", "OnIndustri.MasterData\OnIndustri.MasterData.csproj", "{3CEAADA5-4138-4EF5-B170-90E96B1FB804}"
EndProject
Project("{FAE04EC0-301F-11D3-BF4B-00C04F79EFBC}") = "OnIndustri.Navigation", "OnIndustri.Navigation\OnIndustri.Navigation.csproj", "{0B38F8AC-1486-4D20-9C28-F0D2CA3B9067}"
EndProject
Global
	GlobalSection(SolutionConfigurationPlatforms) = preSolution
		Debug|Any CPU = Debug|Any CPU
		Release|Any CPU = Release|Any CPU
	EndGlobalSection
	GlobalSection(ProjectConfigurationPlatforms) = postSolution
		{B6702205-1A60-4281-A2A8-21F717CCEA2B}.Debug|Any CPU.ActiveCfg = Debug|Any CPU
		{B6702205-1A60-4281-A2A8-21F717CCEA2B}.Debug|Any CPU.Build.0 = Debug|Any CPU
		{B6702205-1A60-4281-A2A8-21F717CCEA2B}.Release|Any CPU.ActiveCfg = Release|Any CPU
		{B6702205-1A60-4281-A2A8-21F717CCEA2B}.Release|Any CPU.Build.0 = Release|Any CPU
		{9AED6E80-84C0-49CF-92AE-DE3947DBBF73}.Debug|Any CPU.ActiveCfg = Debug|Any CPU
		{9AED6E80-84C0-49CF-92AE-DE3947DBBF73}.Debug|Any CPU.Build.0 = Debug|Any CPU
		{9AED6E80-84C0-49CF-92AE-DE3947DBBF73}.Release|Any CPU.ActiveCfg = Release|Any CPU
		{9AED6E80-84C0-49CF-92AE-DE3947DBBF73}.Release|Any CPU.Build.0 = Release|Any CPU
		{67F3346F-DBD6-493A-8310-37B01938EC52}.Debug|Any CPU.ActiveCfg = Debug|Any CPU
		{67F3346F-DBD6-493A-8310-37B01938EC52}.Debug|Any CPU.Build.0 = Debug|Any CPU
		{67F3346F-DBD6-493A-8310-37B01938EC52}.Release|Any CPU.ActiveCfg = Release|Any CPU
		{67F3346F-DBD6-493A-8310-37B01938EC52}.Release|Any CPU.Build.0 = Release|Any CPU
		{3CEAADA5-4138-4EF5-B170-90E96B1FB804}.Debug|Any CPU.ActiveCfg = Debug|Any CPU
		{3CEAADA5-4138-4EF5-B170-90E96B1FB804}.Debug|Any CPU.Build.0 = Debug|Any CPU
		{3CEAADA5-4138-4EF5-B170-90E96B1FB804}.Release|Any CPU.ActiveCfg = Release|Any CPU
		{3CEAADA5-4138-4EF5-B170-90E96B1FB804}.Release|Any CPU.Build.0 = Release|Any CPU
		{0B38F8AC-1486-4D20-9C28-F0D2CA3B9067}.Debug|Any CPU.ActiveCfg = Debug|Any CPU
		{0B38F8AC-1486-4D20-9C28-F0D2CA3B9067}.Debug|Any CPU.Build.0 = Debug|Any CPU
		{0B38F8AC-1486-4D20-9C28-F0D2CA3B9067}.Release|Any CPU.ActiveCfg = Release|Any CPU
		{0B38F8AC-1486-4D20-9C28-F0D2CA3B9067}.Release|Any CPU.Build.0 = Release|Any CPU
	EndGlobalSection
	GlobalSection(SolutionProperties) = preSolution
		HideSolutionNode = FALSE
	EndGlobalSection
	GlobalSection(ExtensibilityGlobals) = postSolution
		SolutionGuid = {0B36107D-A2AE-492B-82CB-E7CA2CFC26D2}
	EndGlobalSection
EndGlobal
